// !$*UTF8*$!
{
	archiveVersion = 1;
	classes = {
	};
	objectVersion = 46;
	objects = {

/* Begin PBXBuildFile section */
		FB079CD91C6667EE00D4426A /* AppDelegate.swift in Sources */ = {isa = PBXBuildFile; fileRef = FB079CD81C6667EE00D4426A /* AppDelegate.swift */; };
		FB079CDB1C6667EE00D4426A /* GameScene.sks in Resources */ = {isa = PBXBuildFile; fileRef = FB079CDA1C6667EE00D4426A /* GameScene.sks */; };
		FB079CDD1C6667EE00D4426A /* GameScene.swift in Sources */ = {isa = PBXBuildFile; fileRef = FB079CDC1C6667EE00D4426A /* GameScene.swift */; };
		FB079CDF1C6667EE00D4426A /* GameViewController.swift in Sources */ = {isa = PBXBuildFile; fileRef = FB079CDE1C6667EE00D4426A /* GameViewController.swift */; };
		FB079CE21C6667EE00D4426A /* Main.storyboard in Resources */ = {isa = PBXBuildFile; fileRef = FB079CE01C6667EE00D4426A /* Main.storyboard */; };
		FB079CE41C6667EE00D4426A /* Assets.xcassets in Resources */ = {isa = PBXBuildFile; fileRef = FB079CE31C6667EE00D4426A /* Assets.xcassets */; };
		FB079CE71C6667EE00D4426A /* LaunchScreen.storyboard in Resources */ = {isa = PBXBuildFile; fileRef = FB079CE51C6667EE00D4426A /* LaunchScreen.storyboard */; };
		FB079CF21C6667EE00D4426A /* TrumpyJumpTests.swift in Sources */ = {isa = PBXBuildFile; fileRef = FB079CF11C6667EE00D4426A /* TrumpyJumpTests.swift */; };
		FB079CFD1C6667EE00D4426A /* TrumpyJumpUITests.swift in Sources */ = {isa = PBXBuildFile; fileRef = FB079CFC1C6667EE00D4426A /* TrumpyJumpUITests.swift */; };
/* End PBXBuildFile section */

/* Begin PBXContainerItemProxy section */
		FB079CEE1C6667EE00D4426A /* PBXContainerItemProxy */ = {
			isa = PBXContainerItemProxy;
			containerPortal = FB079CCD1C6667EE00D4426A /* Project object */;
			proxyType = 1;
			remoteGlobalIDString = FB079CD41C6667EE00D4426A;
			remoteInfo = TrumpyJump;
		};
		FB079CF91C6667EE00D4426A /* PBXContainerItemProxy */ = {
			isa = PBXContainerItemProxy;
			containerPortal = FB079CCD1C6667EE00D4426A /* Project object */;
			proxyType = 1;
			remoteGlobalIDString = FB079CD41C6667EE00D4426A;
			remoteInfo = TrumpyJump;
		};
/* End PBXContainerItemProxy section */

/* Begin PBXFileReference section */
		FB079CD51C6667EE00D4426A /* TrumpyJump.app */ = {isa = PBXFileReference; explicitFileType = wrapper.application; includeInIndex = 0; path = TrumpyJump.app; sourceTree = BUILT_PRODUCTS_DIR; };
		FB079CD81C6667EE00D4426A /* AppDelegate.swift */ = {isa = PBXFileReference; lastKnownFileType = sourcecode.swift; path = AppDelegate.swift; sourceTree = "<group>"; };
		FB079CDA1C6667EE00D4426A /* GameScene.sks */ = {isa = PBXFileReference; lastKnownFileType = file.sks; path = GameScene.sks; sourceTree = "<group>"; };
		FB079CDC1C6667EE00D4426A /* GameScene.swift */ = {isa = PBXFileReference; lastKnownFileType = sourcecode.swift; path = GameScene.swift; sourceTree = "<group>"; };
		FB079CDE1C6667EE00D4426A /* GameViewController.swift */ = {isa = PBXFileReference; lastKnownFileType = sourcecode.swift; path = GameViewController.swift; sourceTree = "<group>"; };
		FB079CE11C6667EE00D4426A /* Base */ = {isa = PBXFileReference; lastKnownFileType = file.storyboard; name = Base; path = Base.lproj/Main.storyboard; sourceTree = "<group>"; };
		FB079CE31C6667EE00D4426A /* Assets.xcassets */ = {isa = PBXFileReference; lastKnownFileType = folder.assetcatalog; path = Assets.xcassets; sourceTree = "<group>"; };
		FB079CE61C6667EE00D4426A /* Base */ = {isa = PBXFileReference; lastKnownFileType = file.storyboard; name = Base; path = Base.lproj/LaunchScreen.storyboard; sourceTree = "<group>"; };
		FB079CE81C6667EE00D4426A /* Info.plist */ = {isa = PBXFileReference; lastKnownFileType = text.plist.xml; path = Info.plist; sourceTree = "<group>"; };
		FB079CED1C6667EE00D4426A /* TrumpyJumpTests.xctest */ = {isa = PBXFileReference; explicitFileType = wrapper.cfbundle; includeInIndex = 0; path = TrumpyJumpTests.xctest; sourceTree = BUILT_PRODUCTS_DIR; };
		FB079CF11C6667EE00D4426A /* TrumpyJumpTests.swift */ = {isa = PBXFileReference; lastKnownFileType = sourcecode.swift; path = TrumpyJumpTests.swift; sourceTree = "<group>"; };
		FB079CF31C6667EE00D4426A /* Info.plist */ = {isa = PBXFileReference; lastKnownFileType = text.plist.xml; path = Info.plist; sourceTree = "<group>"; };
		FB079CF81C6667EE00D4426A /* TrumpyJumpUITests.xctest */ = {isa = PBXFileReference; explicitFileType = wrapper.cfbundle; includeInIndex = 0; path = TrumpyJumpUITests.xctest; sourceTree = BUILT_PRODUCTS_DIR; };
		FB079CFC1C6667EE00D4426A /* TrumpyJumpUITests.swift */ = {isa = PBXFileReference; lastKnownFileType = sourcecode.swift; path = TrumpyJumpUITests.swift; sourceTree = "<group>"; };
		FB079CFE1C6667EE00D4426A /* Info.plist */ = {isa = PBXFileReference; lastKnownFileType = text.plist.xml; path = Info.plist; sourceTree = "<group>"; };
/* End PBXFileReference section */

/* Begin PBXFrameworksBuildPhase section */
		FB079CD21C6667EE00D4426A /* Frameworks */ = {
			isa = PBXFrameworksBuildPhase;
			buildActionMask = 2147483647;
			files = (
			);
			runOnlyForDeploymentPostprocessing = 0;
		};
		FB079CEA1C6667EE00D4426A /* Frameworks */ = {
			isa = PBXFrameworksBuildPhase;
			buildActionMask = 2147483647;
			files = (
			);
			runOnlyForDeploymentPostprocessing = 0;
		};
		FB079CF51C6667EE00D4426A /* Frameworks */ = {
			isa = PBXFrameworksBuildPhase;
			buildActionMask = 2147483647;
			files = (
			);
			runOnlyForDeploymentPostprocessing = 0;
		};
/* End PBXFrameworksBuildPhase section */

/* Begin PBXGroup section */
		FB079CCC1C6667EE00D4426A = {
			isa = PBXGroup;
			children = (
				FB079CD71C6667EE00D4426A /* TrumpyJump */,
				FB079CF01C6667EE00D4426A /* TrumpyJumpTests */,
				FB079CFB1C6667EE00D4426A /* TrumpyJumpUITests */,
				FB079CD61C6667EE00D4426A /* Products */,
			);
			sourceTree = "<group>";
		};
		FB079CD61C6667EE00D4426A /* Products */ = {
			isa = PBXGroup;
			children = (
				FB079CD51C6667EE00D4426A /* TrumpyJump.app */,
				FB079CED1C6667EE00D4426A /* TrumpyJumpTests.xctest */,
				FB079CF81C6667EE00D4426A /* TrumpyJumpUITests.xctest */,
			);
			name = Products;
			sourceTree = "<group>";
		};
		FB079CD71C6667EE00D4426A /* TrumpyJump */ = {
			isa = PBXGroup;
			children = (
				FB079CD81C6667EE00D4426A /* AppDelegate.swift */,
				FB079CDA1C6667EE00D4426A /* GameScene.sks */,
				FB079CDC1C6667EE00D4426A /* GameScene.swift */,
				FB079CDE1C6667EE00D4426A /* GameViewController.swift */,
				FB079CE01C6667EE00D4426A /* Main.storyboard */,
				FB079CE31C6667EE00D4426A /* Assets.xcassets */,
				FB079CE51C6667EE00D4426A /* LaunchScreen.storyboard */,
				FB079CE81C6667EE00D4426A /* Info.plist */,
			);
			path = TrumpyJump;
			sourceTree = "<group>";
		};
		FB079CF01C6667EE00D4426A /* TrumpyJumpTests */ = {
			isa = PBXGroup;
			children = (
				FB079CF11C6667EE00D4426A /* TrumpyJumpTests.swift */,
				FB079CF31C6667EE00D4426A /* Info.plist */,
			);
			path = TrumpyJumpTests;
			sourceTree = "<group>";
		};
		FB079CFB1C6667EE00D4426A /* TrumpyJumpUITests */ = {
			isa = PBXGroup;
			children = (
				FB079CFC1C6667EE00D4426A /* TrumpyJumpUITests.swift */,
				FB079CFE1C6667EE00D4426A /* Info.plist */,
			);
			path = TrumpyJumpUITests;
			sourceTree = "<group>";
		};
/* End PBXGroup section */

/* Begin PBXNativeTarget section */
		FB079CD41C6667EE00D4426A /* TrumpyJump */ = {
			isa = PBXNativeTarget;
			buildConfigurationList = FB079D011C6667EE00D4426A /* Build configuration list for PBXNativeTarget "TrumpyJump" */;
			buildPhases = (
				FB079CD11C6667EE00D4426A /* Sources */,
				FB079CD21C6667EE00D4426A /* Frameworks */,
				FB079CD31C6667EE00D4426A /* Resources */,
			);
			buildRules = (
			);
			dependencies = (
			);
			name = TrumpyJump;
			productName = TrumpyJump;
			productReference = FB079CD51C6667EE00D4426A /* TrumpyJump.app */;
			productType = "com.apple.product-type.application";
		};
		FB079CEC1C6667EE00D4426A /* TrumpyJumpTests */ = {
			isa = PBXNativeTarget;
			buildConfigurationList = FB079D041C6667EE00D4426A /* Build configuration list for PBXNativeTarget "TrumpyJumpTests" */;
			buildPhases = (
				FB079CE91C6667EE00D4426A /* Sources */,
				FB079CEA1C6667EE00D4426A /* Frameworks */,
				FB079CEB1C6667EE00D4426A /* Resources */,
			);
			buildRules = (
			);
			dependencies = (
				FB079CEF1C6667EE00D4426A /* PBXTargetDependency */,
			);
			name = TrumpyJumpTests;
			productName = TrumpyJumpTests;
			productReference = FB079CED1C6667EE00D4426A /* TrumpyJumpTests.xctest */;
			productType = "com.apple.product-type.bundle.unit-test";
		};
		FB079CF71C6667EE00D4426A /* TrumpyJumpUITests */ = {
			isa = PBXNativeTarget;
			buildConfigurationList = FB079D071C6667EE00D4426A /* Build configuration list for PBXNativeTarget "TrumpyJumpUITests" */;
			buildPhases = (
				FB079CF41C6667EE00D4426A /* Sources */,
				FB079CF51C6667EE00D4426A /* Frameworks */,
				FB079CF61C6667EE00D4426A /* Resources */,
			);
			buildRules = (
			);
			dependencies = (
				FB079CFA1C6667EE00D4426A /* PBXTargetDependency */,
			);
			name = TrumpyJumpUITests;
			productName = TrumpyJumpUITests;
			productReference = FB079CF81C6667EE00D4426A /* TrumpyJumpUITests.xctest */;
			productType = "com.apple.product-type.bundle.ui-testing";
		};
/* End PBXNativeTarget section */

/* Begin PBXProject section */
		FB079CCD1C6667EE00D4426A /* Project object */ = {
			isa = PBXProject;
			attributes = {
				LastSwiftUpdateCheck = 0720;
				LastUpgradeCheck = 0720;
				ORGANIZATIONNAME = "Jesus Argel";
				TargetAttributes = {
					FB079CD41C6667EE00D4426A = {
						CreatedOnToolsVersion = 7.2.1;
					};
					FB079CEC1C6667EE00D4426A = {
						CreatedOnToolsVersion = 7.2.1;
						TestTargetID = FB079CD41C6667EE00D4426A;
					};
					FB079CF71C6667EE00D4426A = {
						CreatedOnToolsVersion = 7.2.1;
						TestTargetID = FB079CD41C6667EE00D4426A;
					};
				};
			};
			buildConfigurationList = FB079CD01C6667EE00D4426A /* Build configuration list for PBXProject "TrumpyJump" */;
			compatibilityVersion = "Xcode 3.2";
			developmentRegion = English;
			hasScannedForEncodings = 0;
			knownRegions = (
				en,
				Base,
			);
			mainGroup = FB079CCC1C6667EE00D4426A;
			productRefGroup = FB079CD61C6667EE00D4426A /* Products */;
			projectDirPath = "";
			projectRoot = "";
			targets = (
				FB079CD41C6667EE00D4426A /* TrumpyJump */,
				FB079CEC1C6667EE00D4426A /* TrumpyJumpTests */,
				FB079CF71C6667EE00D4426A /* TrumpyJumpUITests */,
			);
		};
/* End PBXProject section */

/* Begin PBXResourcesBuildPhase section */
		FB079CD31C6667EE00D4426A /* Resources */ = {
			isa = PBXResourcesBuildPhase;
			buildActionMask = 2147483647;
			files = (
				FB079CDB1C6667EE00D4426A /* GameScene.sks in Resources */,
				FB079CE71C6667EE00D4426A /* LaunchScreen.storyboard in Resources */,
				FB079CE41C6667EE00D4426A /* Assets.xcassets in Resources */,
				FB079CE21C6667EE00D4426A /* Main.storyboard in Resources */,
			);
			runOnlyForDeploymentPostprocessing = 0;
		};
		FB079CEB1C6667EE00D4426A /* Resources */ = {
			isa = PBXResourcesBuildPhase;
			buildActionMask = 2147483647;
			files = (
			);
			runOnlyForDeploymentPostprocessing = 0;
		};
		FB079CF61C6667EE00D4426A /* Resources */ = {
			isa = PBXResourcesBuildPhase;
			buildActionMask = 2147483647;
			files = (
			);
			runOnlyForDeploymentPostprocessing = 0;
		};
/* End PBXResourcesBuildPhase section */

/* Begin PBXSourcesBuildPhase section */
		FB079CD11C6667EE00D4426A /* Sources */ = {
			isa = PBXSourcesBuildPhase;
			buildActionMask = 2147483647;
			files = (
				FB079CDD1C6667EE00D4426A /* GameScene.swift in Sources */,
				FB079CDF1C6667EE00D4426A /* GameViewController.swift in Sources */,
				FB079CD91C6667EE00D4426A /* AppDelegate.swift in Sources */,
			);
			runOnlyForDeploymentPostprocessing = 0;
		};
		FB079CE91C6667EE00D4426A /* Sources */ = {
			isa = PBXSourcesBuildPhase;
			buildActionMask = 2147483647;
			files = (
				FB079CF21C6667EE00D4426A /* TrumpyJumpTests.swift in Sources */,
			);
			runOnlyForDeploymentPostprocessing = 0;
		};
		FB079CF41C6667EE00D4426A /* Sources */ = {
			isa = PBXSourcesBuildPhase;
			buildActionMask = 2147483647;
			files = (
				FB079CFD1C6667EE00D4426A /* TrumpyJumpUITests.swift in Sources */,
			);
			runOnlyForDeploymentPostprocessing = 0;
		};
/* End PBXSourcesBuildPhase section */

/* Begin PBXTargetDependency section */
		FB079CEF1C6667EE00D4426A /* PBXTargetDependency */ = {
			isa = PBXTargetDependency;
			target = FB079CD41C6667EE00D4426A /* TrumpyJump */;
			targetProxy = FB079CEE1C6667EE00D4426A /* PBXContainerItemProxy */;
		};
		FB079CFA1C6667EE00D4426A /* PBXTargetDependency */ = {
			isa = PBXTargetDependency;
			target = FB079CD41C6667EE00D4426A /* TrumpyJump */;
			targetProxy = FB079CF91C6667EE00D4426A /* PBXContainerItemProxy */;
		};
/* End PBXTargetDependency section */

/* Begin PBXVariantGroup section */
		FB079CE01C6667EE00D4426A /* Main.storyboard */ = {
			isa = PBXVariantGroup;
			children = (
				FB079CE11C6667EE00D4426A /* Base */,
			);
			name = Main.storyboard;
			sourceTree = "<group>";
		};
		FB079CE51C6667EE00D4426A /* LaunchScreen.storyboard */ = {
			isa = PBXVariantGroup;
			children = (
				FB079CE61C6667EE00D4426A /* Base */,
			);
			name = LaunchScreen.storyboard;
			sourceTree = "<group>";
		};
/* End PBXVariantGroup section */

/* Begin XCBuildConfiguration section */
		FB079CFF1C6667EE00D4426A /* Debug */ = {
			isa = XCBuildConfiguration;
			buildSettings = {
				ALWAYS_SEARCH_USER_PATHS = NO;
				CLANG_CXX_LANGUAGE_STANDARD = "gnu++0x";
				CLANG_CXX_LIBRARY = "libc++";
				CLANG_ENABLE_MODULES = YES;
				CLANG_ENABLE_OBJC_ARC = YES;
				CLANG_WARN_BOOL_CONVERSION = YES;
				CLANG_WARN_CONSTANT_CONVERSION = YES;
				CLANG_WARN_DIRECT_OBJC_ISA_USAGE = YES_ERROR;
				CLANG_WARN_EMPTY_BODY = YES;
				CLANG_WARN_ENUM_CONVERSION = YES;
				CLANG_WARN_INT_CONVERSION = YES;
				CLANG_WARN_OBJC_ROOT_CLASS = YES_ERROR;
				CLANG_WARN_UNREACHABLE_CODE = YES;
				CLANG_WARN__DUPLICATE_METHOD_MATCH = YES;
				"CODE_SIGN_IDENTITY[sdk=iphoneos*]" = "iPhone Developer";
				COPY_PHASE_STRIP = NO;
				DEBUG_INFORMATION_FORMAT = "dwarf-with-dsym";
				ENABLE_STRICT_OBJC_MSGSEND = YES;
				ENABLE_TESTABILITY = YES;
				GCC_C_LANGUAGE_STANDARD = gnu99;
				GCC_DYNAMIC_NO_PIC = NO;
				GCC_NO_COMMON_BLOCKS = YES;
				GCC_OPTIMIZATION_LEVEL = 0;
				GCC_PREPROCESSOR_DEFINITIONS = (
					"DEBUG=1",
					"$(inherited)",
				);
				GCC_WARN_64_TO_32_BIT_CONVERSION = YES;
				GCC_WARN_ABOUT_RETURN_TYPE = YES_ERROR;
				GCC_WARN_UNDECLARED_SELECTOR = YES;
				GCC_WARN_UNINITIALIZED_AUTOS = YES_AGGRESSIVE;
				GCC_WARN_UNUSED_FUNCTION = YES;
				GCC_WARN_UNUSED_VARIABLE = YES;
				IPHONEOS_DEPLOYMENT_TARGET = 9.2;
				MTL_ENABLE_DEBUG_INFO = YES;
				ONLY_ACTIVE_ARCH = YES;
				SDKROOT = iphoneos;
				SWIFT_OPTIMIZATION_LEVEL = "-Onone";
			};
			name = Debug;
		};
		FB079D001C6667EE00D4426A /* Release */ = {
			isa = XCBuildConfiguration;
			buildSettings = {
				ALWAYS_SEARCH_USER_PATHS = NO;
				CLANG_CXX_LANGUAGE_STANDARD = "gnu++0x";
				CLANG_CXX_LIBRARY = "libc++";
				CLANG_ENABLE_MODULES = YES;
				CLANG_ENABLE_OBJC_ARC = YES;
				CLANG_WARN_BOOL_CONVERSION = YES;
				CLANG_WARN_CONSTANT_CONVERSION = YES;
				CLANG_WARN_DIRECT_OBJC_ISA_USAGE = YES_ERROR;
				CLANG_WARN_EMPTY_BODY = YES;
				CLANG_WARN_ENUM_CONVERSION = YES;
				CLANG_WARN_INT_CONVERSION = YES;
				CLANG_WARN_OBJC_ROOT_CLASS = YES_ERROR;
				CLANG_WARN_UNREACHABLE_CODE = YES;
				CLANG_WARN__DUPLICATE_METHOD_MATCH = YES;
				"CODE_SIGN_IDENTITY[sdk=iphoneos*]" = "iPhone Developer";
				COPY_PHASE_STRIP = NO;
				DEBUG_INFORMATION_FORMAT = "dwarf-with-dsym";
				ENABLE_NS_ASSERTIONS = NO;
				ENABLE_STRICT_OBJC_MSGSEND = YES;
				GCC_C_LANGUAGE_STANDARD = gnu99;
				GCC_NO_COMMON_BLOCKS = YES;
				GCC_WARN_64_TO_32_BIT_CONVERSION = YES;
				GCC_WARN_ABOUT_RETURN_TYPE = YES_ERROR;
				GCC_WARN_UNDECLARED_SELECTOR = YES;
				GCC_WARN_UNINITIALIZED_AUTOS = YES_AGGRESSIVE;
				GCC_WARN_UNUSED_FUNCTION = YES;
				GCC_WARN_UNUSED_VARIABLE = YES;
				IPHONEOS_DEPLOYMENT_TARGET = 9.2;
				MTL_ENABLE_DEBUG_INFO = NO;
				SDKROOT = iphoneos;
				VALIDATE_PRODUCT = YES;
			};
			name = Release;
		};
		FB079D021C6667EE00D4426A /* Debug */ = {
			isa = XCBuildConfiguration;
			buildSettings = {
				ASSETCATALOG_COMPILER_APPICON_NAME = AppIcon;
				INFOPLIST_FILE = TrumpyJump/Info.plist;
				LD_RUNPATH_SEARCH_PATHS = "$(inherited) @executable_path/Frameworks";
				PRODUCT_BUNDLE_IDENTIFIER = com.JesusArgel.TrumpyJump;
				PRODUCT_NAME = "$(TARGET_NAME)";
			};
			name = Debug;
		};
		FB079D031C6667EE00D4426A /* Release */ = {
			isa = XCBuildConfiguration;
			buildSettings = {
				ASSETCATALOG_COMPILER_APPICON_NAME = AppIcon;
				INFOPLIST_FILE = TrumpyJump/Info.plist;
				LD_RUNPATH_SEARCH_PATHS = "$(inherited) @executable_path/Frameworks";
				PRODUCT_BUNDLE_IDENTIFIER = com.JesusArgel.TrumpyJump;
				PRODUCT_NAME = "$(TARGET_NAME)";
			};
			name = Release;
		};
		FB079D051C6667EE00D4426A /* Debug */ = {
			isa = XCBuildConfiguration;
			buildSettings = {
				BUNDLE_LOADER = "$(TEST_HOST)";
				DEBUG_INFORMATION_FORMAT = dwarf;
				INFOPLIST_FILE = TrumpyJumpTests/Info.plist;
				LD_RUNPATH_SEARCH_PATHS = "$(inherited) @executable_path/Frameworks @loader_path/Frameworks";
				PRODUCT_BUNDLE_IDENTIFIER = com.JesusArgel.TrumpyJumpTests;
				PRODUCT_NAME = "$(TARGET_NAME)";
				TEST_HOST = "$(BUILT_PRODUCTS_DIR)/TrumpyJump.app/TrumpyJump";
			};
			name = Debug;
		};
		FB079D061C6667EE00D4426A /* Release */ = {
			isa = XCBuildConfiguration;
			buildSettings = {
				BUNDLE_LOADER = "$(TEST_HOST)";
				INFOPLIST_FILE = TrumpyJumpTests/Info.plist;
				LD_RUNPATH_SEARCH_PATHS = "$(inherited) @executable_path/Frameworks @loader_path/Frameworks";
				PRODUCT_BUNDLE_IDENTIFIER = com.JesusArgel.TrumpyJumpTests;
				PRODUCT_NAME = "$(TARGET_NAME)";
				TEST_HOST = "$(BUILT_PRODUCTS_DIR)/TrumpyJump.app/TrumpyJump";
			};
			name = Release;
		};
		FB079D081C6667EE00D4426A /* Debug */ = {
			isa = XCBuildConfiguration;
			buildSettings = {
				DEBUG_INFORMATION_FORMAT = dwarf;
				INFOPLIST_FILE = TrumpyJumpUITests/Info.plist;
				LD_RUNPATH_SEARCH_PATHS = "$(inherited) @executable_path/Frameworks @loader_path/Frameworks";
				PRODUCT_BUNDLE_IDENTIFIER = com.JesusArgel.TrumpyJumpUITests;
				PRODUCT_NAME = "$(TARGET_NAME)";
				TEST_TARGET_NAME = TrumpyJump;
				USES_XCTRUNNER = YES;
			};
			name = Debug;
		};
		FB079D091C6667EE00D4426A /* Release */ = {
			isa = XCBuildConfiguration;
			buildSettings = {
				INFOPLIST_FILE = TrumpyJumpUITests/Info.plist;
				LD_RUNPATH_SEARCH_PATHS = "$(inherited) @executable_path/Frameworks @loader_path/Frameworks";
				PRODUCT_BUNDLE_IDENTIFIER = com.JesusArgel.TrumpyJumpUITests;
				PRODUCT_NAME = "$(TARGET_NAME)";
				TEST_TARGET_NAME = TrumpyJump;
				USES_XCTRUNNER = YES;
			};
			name = Release;
		};
/* End XCBuildConfiguration section */

/* Begin XCConfigurationList section */
		FB079CD01C6667EE00D4426A /* Build configuration list for PBXProject "TrumpyJump" */ = {
			isa = XCConfigurationList;
			buildConfigurations = (
				FB079CFF1C6667EE00D4426A /* Debug */,
				FB079D001C6667EE00D4426A /* Release */,
			);
			defaultConfigurationIsVisible = 0;
			defaultConfigurationName = Release;
		};
		FB079D011C6667EE00D4426A /* Build configuration list for PBXNativeTarget "TrumpyJump" */ = {
			isa = XCConfigurationList;
			buildConfigurations = (
				FB079D021C6667EE00D4426A /* Debug */,
				FB079D031C6667EE00D4426A /* Release */,
			);
			defaultConfigurationIsVisible = 0;
		};
		FB079D041C6667EE00D4426A /* Build configuration list for PBXNativeTarget "TrumpyJumpTests" */ = {
			isa = XCConfigurationList;
			buildConfigurations = (
				FB079D051C6667EE00D4426A /* Debug */,
				FB079D061C6667EE00D4426A /* Release */,
			);
			defaultConfigurationIsVisible = 0;
		};
		FB079D071C6667EE00D4426A /* Build configuration list for PBXNativeTarget "TrumpyJumpUITests" */ = {
			isa = XCConfigurationList;
			buildConfigurations = (
				FB079D081C6667EE00D4426A /* Debug */,
				FB079D091C6667EE00D4426A /* Release */,
			);
			defaultConfigurationIsVisible = 0;
		};
/* End XCConfigurationList section */
	};
	rootObject = FB079CCD1C6667EE00D4426A /* Project object */;
}
